
Microsoft Visual Studio Solution File, Format Version 12.00
# Visual Studio Version 16
VisualStudioVersion = 16.0.29326.143
MinimumVisualStudioVersion = 10.0.40219.1
Project("{FAE04EC0-301F-11D3-BF4B-00C04F79EFBC}") = "ThreadStats", "ThreadStats.csproj", "{D803F237-238F-420F-9BF6-DE9E0B52AB28}"
EndProject
Global
	GlobalSection(SolutionConfigurationPlatforms) = preSolution
		Debug|Any CPU = Debug|Any CPU
		Release|Any CPU = Release|Any CPU
	EndGlobalSection
	GlobalSection(ProjectConfigurationPlatforms) = postSolution
		{D803F237-238F-420F-9BF6-DE9E0B52AB28}.Debug|Any CPU.ActiveCfg = Debug|Any CPU
		{D803F237-238F-420F-9BF6-DE9E0B52AB28}.Debug|Any CPU.Build.0 = Debug|Any CPU
		{D803F237-238F-420F-9BF6-DE9E0B52AB28}.Release|Any CPU.ActiveCfg = Release|Any CPU
		{D803F237-238F-420F-9BF6-DE9E0B52AB28}.Release|Any CPU.Build.0 = Release|Any CPU
	EndGlobalSection
	GlobalSection(SolutionProperties) = preSolution
		HideSolutionNode = FALSE
	EndGlobalSection
	GlobalSection(ExtensibilityGlobals) = postSolution
		SolutionGuid = {5303BE52-DE23-4F49-B990-977493CDB257}
	EndGlobalSection
EndGlobal
